
Microsoft Visual Studio Solution File, Format Version 12.00
# Visual Studio Version 16
VisualStudioVersion = 16.0.29326.143
MinimumVisualStudioVersion = 10.0.40219.1
Project("{FAE04EC0-301F-11D3-BF4B-00C04F79EFBC}") = "Doble Spooler de Impresora", "Doble Spooler de Impresora.csproj", "{7F891A3A-016E-46D5-95D9-9EC340781E5B}"
EndProject
Global
	GlobalSection(SolutionConfigurationPlatforms) = preSolution
		Debug|Any CPU = Debug|Any CPU
		Release|Any CPU = Release|Any CPU
	EndGlobalSection
	GlobalSection(ProjectConfigurationPlatforms) = postSolution
		{7F891A3A-016E-46D5-95D9-9EC340781E5B}.Debug|Any CPU.ActiveCfg = Debug|Any CPU
		{7F891A3A-016E-46D5-95D9-9EC340781E5B}.Debug|Any CPU.Build.0 = Debug|Any CPU
		{7F891A3A-016E-46D5-95D9-9EC340781E5B}.Release|Any CPU.ActiveCfg = Release|Any CPU
		{7F891A3A-016E-46D5-95D9-9EC340781E5B}.Release|Any CPU.Build.0 = Release|Any CPU
	EndGlobalSection
	GlobalSection(SolutionProperties) = preSolution
		HideSolutionNode = FALSE
	EndGlobalSection
	GlobalSection(ExtensibilityGlobals) = postSolution
		SolutionGuid = {7C62E145-EE98-41B3-852B-DDECCDEC34D8}
	EndGlobalSection
EndGlobal
